
Microsoft Visual Studio Solution File, Format Version 12.00
# Visual Studio Version 16
VisualStudioVersion = 25.0.1706.14
MinimumVisualStudioVersion = 10.0.40219.1
Project("{FAE04EC0-301F-11D3-BF4B-00C04F79EFBC}") = "PawHavenApp.Api", "PawHavenApp.Api\PawHavenApp.Api.csproj", "{7014A4EA-C722-4385-ABE1-C78B5A8E915E}"
EndProject
Project("{FAE04EC0-301F-11D3-BF4B-00C04F79EFBC}") = "PawHavenApp.DataAccess", "PawHavenApp.DataAccess\PawHavenApp.DataAccess.csproj", "{5035B12F-7FC5-4CA4-B3E8-9A2A6DA3381E}"
EndProject
Project("{FAE04EC0-301F-11D3-BF4B-00C04F79EFBC}") = "PawHavenApp.BusinessLogic", "PawHavenApp.BusinessLogic\PawHavenApp.BusinessLogic.csproj", "{5E8E0000-E9BA-4925-8336-51A667DBA8EF}"
EndProject
Project("{2150E333-8FDC-42A3-9474-1A3956D46DE8}") = "Solution Items", "Solution Items", "{7910CC77-4A96-4A8D-AC15-092A7803F06C}"
	ProjectSection(SolutionItems) = preProject
		README.md = README.md
	EndProjectSection
EndProject
Global
	GlobalSection(SolutionConfigurationPlatforms) = preSolution
		Debug|Any CPU = Debug|Any CPU
		Release|Any CPU = Release|Any CPU
	EndGlobalSection
	GlobalSection(ProjectConfigurationPlatforms) = postSolution
		{7014A4EA-C722-4385-ABE1-C78B5A8E915E}.Debug|Any CPU.ActiveCfg = Debug|Any CPU
		{7014A4EA-C722-4385-ABE1-C78B5A8E915E}.Debug|Any CPU.Build.0 = Debug|Any CPU
		{7014A4EA-C722-4385-ABE1-C78B5A8E915E}.Release|Any CPU.ActiveCfg = Release|Any CPU
		{7014A4EA-C722-4385-ABE1-C78B5A8E915E}.Release|Any CPU.Build.0 = Release|Any CPU
		{5035B12F-7FC5-4CA4-B3E8-9A2A6DA3381E}.Debug|Any CPU.ActiveCfg = Debug|Any CPU
		{5035B12F-7FC5-4CA4-B3E8-9A2A6DA3381E}.Debug|Any CPU.Build.0 = Debug|Any CPU
		{5035B12F-7FC5-4CA4-B3E8-9A2A6DA3381E}.Release|Any CPU.ActiveCfg = Release|Any CPU
		{5035B12F-7FC5-4CA4-B3E8-9A2A6DA3381E}.Release|Any CPU.Build.0 = Release|Any CPU
		{5E8E0000-E9BA-4925-8336-51A667DBA8EF}.Debug|Any CPU.ActiveCfg = Debug|Any CPU
		{5E8E0000-E9BA-4925-8336-51A667DBA8EF}.Debug|Any CPU.Build.0 = Debug|Any CPU
		{5E8E0000-E9BA-4925-8336-51A667DBA8EF}.Release|Any CPU.ActiveCfg = Release|Any CPU
		{5E8E0000-E9BA-4925-8336-51A667DBA8EF}.Release|Any CPU.Build.0 = Release|Any CPU
	EndGlobalSection
	GlobalSection(SolutionProperties) = preSolution
		HideSolutionNode = FALSE
	EndGlobalSection
	GlobalSection(ExtensibilityGlobals) = postSolution
		SolutionGuid = {6C559F92-E171-4866-9D47-4B1B4429A672}
	EndGlobalSection
EndGlobal
